// !$*UTF8*$!
{
	archiveVersion = 1;
	classes = {
	};
	objectVersion = 56;
	objects = {

/* Begin PBXBuildFile section */
		7FB960DB2A90A56D0059E0A8 /* Weather_App_TutApp.swift in Sources */ = {isa = PBXBuildFile; fileRef = 7FB960DA2A90A56D0059E0A8 /* Weather_App_TutApp.swift */; };
		7FB960DD2A90A56D0059E0A8 /* ContentView.swift in Sources */ = {isa = PBXBuildFile; fileRef = 7FB960DC2A90A56D0059E0A8 /* ContentView.swift */; };
		7FB960DF2A90A56E0059E0A8 /* Assets.xcassets in Resources */ = {isa = PBXBuildFile; fileRef = 7FB960DE2A90A56E0059E0A8 /* Assets.xcassets */; };
		7FB960E22A90A56E0059E0A8 /* Preview Assets.xcassets in Resources */ = {isa = PBXBuildFile; fileRef = 7FB960E12A90A56E0059E0A8 /* Preview Assets.xcassets */; };
		7FB960EC2A90A56E0059E0A8 /* Weather_App_TutTests.swift in Sources */ = {isa = PBXBuildFile; fileRef = 7FB960EB2A90A56E0059E0A8 /* Weather_App_TutTests.swift */; };
		7FB960F62A90A56F0059E0A8 /* Weather_App_TutUITests.swift in Sources */ = {isa = PBXBuildFile; fileRef = 7FB960F52A90A56F0059E0A8 /* Weather_App_TutUITests.swift */; };
		7FB960F82A90A56F0059E0A8 /* Weather_App_TutUITestsLaunchTests.swift in Sources */ = {isa = PBXBuildFile; fileRef = 7FB960F72A90A56F0059E0A8 /* Weather_App_TutUITestsLaunchTests.swift */; };
		7FB961082A90A6C40059E0A8 /* Orbitron-Font.ttf in Resources */ = {isa = PBXBuildFile; fileRef = 7FB961072A90A6C40059E0A8 /* Orbitron-Font.ttf */; };
/* End PBXBuildFile section */

/* Begin PBXContainerItemProxy section */
		7FB960E82A90A56E0059E0A8 /* PBXContainerItemProxy */ = {
			isa = PBXContainerItemProxy;
			containerPortal = 7FB960CF2A90A56D0059E0A8 /* Project object */;
			proxyType = 1;
			remoteGlobalIDString = 7FB960D62A90A56D0059E0A8;
			remoteInfo = "Weather App Tut";
		};
		7FB960F22A90A56F0059E0A8 /* PBXContainerItemProxy */ = {
			isa = PBXContainerItemProxy;
			containerPortal = 7FB960CF2A90A56D0059E0A8 /* Project object */;
			proxyType = 1;
			remoteGlobalIDString = 7FB960D62A90A56D0059E0A8;
			remoteInfo = "Weather App Tut";
		};
/* End PBXContainerItemProxy section */

/* Begin PBXFileReference section */
		7FB960D72A90A56D0059E0A8 /* Weather App Tut.app */ = {isa = PBXFileReference; explicitFileType = wrapper.application; includeInIndex = 0; path = "Weather App Tut.app"; sourceTree = BUILT_PRODUCTS_DIR; };
		7FB960DA2A90A56D0059E0A8 /* Weather_App_TutApp.swift */ = {isa = PBXFileReference; lastKnownFileType = sourcecode.swift; path = Weather_App_TutApp.swift; sourceTree = "<group>"; };
		7FB960DC2A90A56D0059E0A8 /* ContentView.swift */ = {isa = PBXFileReference; lastKnownFileType = sourcecode.swift; path = ContentView.swift; sourceTree = "<group>"; };
		7FB960DE2A90A56E0059E0A8 /* Assets.xcassets */ = {isa = PBXFileReference; lastKnownFileType = folder.assetcatalog; path = Assets.xcassets; sourceTree = "<group>"; };
		7FB960E12A90A56E0059E0A8 /* Preview Assets.xcassets */ = {isa = PBXFileReference; lastKnownFileType = folder.assetcatalog; path = "Preview Assets.xcassets"; sourceTree = "<group>"; };
		7FB960E72A90A56E0059E0A8 /* Weather App TutTests.xctest */ = {isa = PBXFileReference; explicitFileType = wrapper.cfbundle; includeInIndex = 0; path = "Weather App TutTests.xctest"; sourceTree = BUILT_PRODUCTS_DIR; };
		7FB960EB2A90A56E0059E0A8 /* Weather_App_TutTests.swift */ = {isa = PBXFileReference; lastKnownFileType = sourcecode.swift; path = Weather_App_TutTests.swift; sourceTree = "<group>"; };
		7FB960F12A90A56F0059E0A8 /* Weather App TutUITests.xctest */ = {isa = PBXFileReference; explicitFileType = wrapper.cfbundle; includeInIndex = 0; path = "Weather App TutUITests.xctest"; sourceTree = BUILT_PRODUCTS_DIR; };
		7FB960F52A90A56F0059E0A8 /* Weather_App_TutUITests.swift */ = {isa = PBXFileReference; lastKnownFileType = sourcecode.swift; path = Weather_App_TutUITests.swift; sourceTree = "<group>"; };
		7FB960F72A90A56F0059E0A8 /* Weather_App_TutUITestsLaunchTests.swift */ = {isa = PBXFileReference; lastKnownFileType = sourcecode.swift; path = Weather_App_TutUITestsLaunchTests.swift; sourceTree = "<group>"; };
		7FB961042A90A6300059E0A8 /* Weather-App-Tut-Info.plist */ = {isa = PBXFileReference; lastKnownFileType = text.plist; path = "Weather-App-Tut-Info.plist"; sourceTree = SOURCE_ROOT; };
		7FB961072A90A6C40059E0A8 /* Orbitron-Font.ttf */ = {isa = PBXFileReference; lastKnownFileType = file; path = "Orbitron-Font.ttf"; sourceTree = "<group>"; };
/* End PBXFileReference section */

/* Begin PBXFrameworksBuildPhase section */
		7FB960D42A90A56D0059E0A8 /* Frameworks */ = {
			isa = PBXFrameworksBuildPhase;
			buildActionMask = 2147483647;
			files = (
			);
			runOnlyForDeploymentPostprocessing = 0;
		};
		7FB960E42A90A56E0059E0A8 /* Frameworks */ = {
			isa = PBXFrameworksBuildPhase;
			buildActionMask = 2147483647;
			files = (
			);
			runOnlyForDeploymentPostprocessing = 0;
		};
		7FB960EE2A90A56F0059E0A8 /* Frameworks */ = {
			isa = PBXFrameworksBuildPhase;
			buildActionMask = 2147483647;
			files = (
			);
			runOnlyForDeploymentPostprocessing = 0;
		};
/* End PBXFrameworksBuildPhase section */

/* Begin PBXGroup section */
		7FB960CE2A90A56D0059E0A8 = {
			isa = PBXGroup;
			children = (
				7FB961062A90A6A20059E0A8 /* Fonts */,
				7FB960D92A90A56D0059E0A8 /* Weather App Tut */,
				7FB960EA2A90A56E0059E0A8 /* Weather App TutTests */,
				7FB960F42A90A56F0059E0A8 /* Weather App TutUITests */,
				7FB960D82A90A56D0059E0A8 /* Products */,
			);
			sourceTree = "<group>";
		};
		7FB960D82A90A56D0059E0A8 /* Products */ = {
			isa = PBXGroup;
			children = (
				7FB960D72A90A56D0059E0A8 /* Weather App Tut.app */,
				7FB960E72A90A56E0059E0A8 /* Weather App TutTests.xctest */,
				7FB960F12A90A56F0059E0A8 /* Weather App TutUITests.xctest */,
			);
			name = Products;
			sourceTree = "<group>";
		};
		7FB960D92A90A56D0059E0A8 /* Weather App Tut */ = {
			isa = PBXGroup;
			children = (
				7FB961042A90A6300059E0A8 /* Weather-App-Tut-Info.plist */,
				7FB960DA2A90A56D0059E0A8 /* Weather_App_TutApp.swift */,
				7FB960DC2A90A56D0059E0A8 /* ContentView.swift */,
				7FB960DE2A90A56E0059E0A8 /* Assets.xcassets */,
				7FB960E02A90A56E0059E0A8 /* Preview Content */,
			);
			path = "Weather App Tut";
			sourceTree = "<group>";
		};
		7FB960E02A90A56E0059E0A8 /* Preview Content */ = {
			isa = PBXGroup;
			children = (
				7FB960E12A90A56E0059E0A8 /* Preview Assets.xcassets */,
			);
			path = "Preview Content";
			sourceTree = "<group>";
		};
		7FB960EA2A90A56E0059E0A8 /* Weather App TutTests */ = {
			isa = PBXGroup;
			children = (
				7FB960EB2A90A56E0059E0A8 /* Weather_App_TutTests.swift */,
			);
			path = "Weather App TutTests";
			sourceTree = "<group>";
		};
		7FB960F42A90A56F0059E0A8 /* Weather App TutUITests */ = {
			isa = PBXGroup;
			children = (
				7FB960F52A90A56F0059E0A8 /* Weather_App_TutUITests.swift */,
				7FB960F72A90A56F0059E0A8 /* Weather_App_TutUITestsLaunchTests.swift */,
			);
			path = "Weather App TutUITests";
			sourceTree = "<group>";
		};
		7FB961062A90A6A20059E0A8 /* Fonts */ = {
			isa = PBXGroup;
			children = (
				7FB961072A90A6C40059E0A8 /* Orbitron-Font.ttf */,
			);
			path = Fonts;
			sourceTree = "<group>";
		};
/* End PBXGroup section */

/* Begin PBXNativeTarget section */
		7FB960D62A90A56D0059E0A8 /* Weather App Tut */ = {
			isa = PBXNativeTarget;
			buildConfigurationList = 7FB960FB2A90A56F0059E0A8 /* Build configuration list for PBXNativeTarget "Weather App Tut" */;
			buildPhases = (
				7FB960D32A90A56D0059E0A8 /* Sources */,
				7FB960D42A90A56D0059E0A8 /* Frameworks */,
				7FB960D52A90A56D0059E0A8 /* Resources */,
			);
			buildRules = (
			);
			dependencies = (
			);
			name = "Weather App Tut";
			productName = "Weather App Tut";
			productReference = 7FB960D72A90A56D0059E0A8 /* Weather App Tut.app */;
			productType = "com.apple.product-type.application";
		};
		7FB960E62A90A56E0059E0A8 /* Weather App TutTests */ = {
			isa = PBXNativeTarget;
			buildConfigurationList = 7FB960FE2A90A56F0059E0A8 /* Build configuration list for PBXNativeTarget "Weather App TutTests" */;
			buildPhases = (
				7FB960E32A90A56E0059E0A8 /* Sources */,
				7FB960E42A90A56E0059E0A8 /* Frameworks */,
				7FB960E52A90A56E0059E0A8 /* Resources */,
			);
			buildRules = (
			);
			dependencies = (
				7FB960E92A90A56E0059E0A8 /* PBXTargetDependency */,
			);
			name = "Weather App TutTests";
			productName = "Weather App TutTests";
			productReference = 7FB960E72A90A56E0059E0A8 /* Weather App TutTests.xctest */;
			productType = "com.apple.product-type.bundle.unit-test";
		};
		7FB960F02A90A56F0059E0A8 /* Weather App TutUITests */ = {
			isa = PBXNativeTarget;
			buildConfigurationList = 7FB961012A90A56F0059E0A8 /* Build configuration list for PBXNativeTarget "Weather App TutUITests" */;
			buildPhases = (
				7FB960ED2A90A56F0059E0A8 /* Sources */,
				7FB960EE2A90A56F0059E0A8 /* Frameworks */,
				7FB960EF2A90A56F0059E0A8 /* Resources */,
			);
			buildRules = (
			);
			dependencies = (
				7FB960F32A90A56F0059E0A8 /* PBXTargetDependency */,
			);
			name = "Weather App TutUITests";
			productName = "Weather App TutUITests";
			productReference = 7FB960F12A90A56F0059E0A8 /* Weather App TutUITests.xctest */;
			productType = "com.apple.product-type.bundle.ui-testing";
		};
/* End PBXNativeTarget section */

/* Begin PBXProject section */
		7FB960CF2A90A56D0059E0A8 /* Project object */ = {
			isa = PBXProject;
			attributes = {
				BuildIndependentTargetsInParallel = 1;
				LastSwiftUpdateCheck = 1420;
				LastUpgradeCheck = 1420;
				TargetAttributes = {
					7FB960D62A90A56D0059E0A8 = {
						CreatedOnToolsVersion = 14.2;
					};
					7FB960E62A90A56E0059E0A8 = {
						CreatedOnToolsVersion = 14.2;
						TestTargetID = 7FB960D62A90A56D0059E0A8;
					};
					7FB960F02A90A56F0059E0A8 = {
						CreatedOnToolsVersion = 14.2;
						TestTargetID = 7FB960D62A90A56D0059E0A8;
					};
				};
			};
			buildConfigurationList = 7FB960D22A90A56D0059E0A8 /* Build configuration list for PBXProject "Weather App Tut" */;
			compatibilityVersion = "Xcode 14.0";
			developmentRegion = en;
			hasScannedForEncodings = 0;
			knownRegions = (
				en,
				Base,
			);
			mainGroup = 7FB960CE2A90A56D0059E0A8;
			productRefGroup = 7FB960D82A90A56D0059E0A8 /* Products */;
			projectDirPath = "";
			projectRoot = "";
			targets = (
				7FB960D62A90A56D0059E0A8 /* Weather App Tut */,
				7FB960E62A90A56E0059E0A8 /* Weather App TutTests */,
				7FB960F02A90A56F0059E0A8 /* Weather App TutUITests */,
			);
		};
/* End PBXProject section */

/* Begin PBXResourcesBuildPhase section */
		7FB960D52A90A56D0059E0A8 /* Resources */ = {
			isa = PBXResourcesBuildPhase;
			buildActionMask = 2147483647;
			files = (
				7FB960E22A90A56E0059E0A8 /* Preview Assets.xcassets in Resources */,
				7FB960DF2A90A56E0059E0A8 /* Assets.xcassets in Resources */,
				7FB961082A90A6C40059E0A8 /* Orbitron-Font.ttf in Resources */,
			);
			runOnlyForDeploymentPostprocessing = 0;
		};
		7FB960E52A90A56E0059E0A8 /* Resources */ = {
			isa = PBXResourcesBuildPhase;
			buildActionMask = 2147483647;
			files = (
			);
			runOnlyForDeploymentPostprocessing = 0;
		};
		7FB960EF2A90A56F0059E0A8 /* Resources */ = {
			isa = PBXResourcesBuildPhase;
			buildActionMask = 2147483647;
			files = (
			);
			runOnlyForDeploymentPostprocessing = 0;
		};
/* End PBXResourcesBuildPhase section */

/* Begin PBXSourcesBuildPhase section */
		7FB960D32A90A56D0059E0A8 /* Sources */ = {
			isa = PBXSourcesBuildPhase;
			buildActionMask = 2147483647;
			files = (
				7FB960DD2A90A56D0059E0A8 /* ContentView.swift in Sources */,
				7FB960DB2A90A56D0059E0A8 /* Weather_App_TutApp.swift in Sources */,
			);
			runOnlyForDeploymentPostprocessing = 0;
		};
		7FB960E32A90A56E0059E0A8 /* Sources */ = {
			isa = PBXSourcesBuildPhase;
			buildActionMask = 2147483647;
			files = (
				7FB960EC2A90A56E0059E0A8 /* Weather_App_TutTests.swift in Sources */,
			);
			runOnlyForDeploymentPostprocessing = 0;
		};
		7FB960ED2A90A56F0059E0A8 /* Sources */ = {
			isa = PBXSourcesBuildPhase;
			buildActionMask = 2147483647;
			files = (
				7FB960F62A90A56F0059E0A8 /* Weather_App_TutUITests.swift in Sources */,
				7FB960F82A90A56F0059E0A8 /* Weather_App_TutUITestsLaunchTests.swift in Sources */,
			);
			runOnlyForDeploymentPostprocessing = 0;
		};
/* End PBXSourcesBuildPhase section */

/* Begin PBXTargetDependency section */
		7FB960E92A90A56E0059E0A8 /* PBXTargetDependency */ = {
			isa = PBXTargetDependency;
			target = 7FB960D62A90A56D0059E0A8 /* Weather App Tut */;
			targetProxy = 7FB960E82A90A56E0059E0A8 /* PBXContainerItemProxy */;
		};
		7FB960F32A90A56F0059E0A8 /* PBXTargetDependency */ = {
			isa = PBXTargetDependency;
			target = 7FB960D62A90A56D0059E0A8 /* Weather App Tut */;
			targetProxy = 7FB960F22A90A56F0059E0A8 /* PBXContainerItemProxy */;
		};
/* End PBXTargetDependency section */

/* Begin XCBuildConfiguration section */
		7FB960F92A90A56F0059E0A8 /* Debug */ = {
			isa = XCBuildConfiguration;
			buildSettings = {
				ALWAYS_SEARCH_USER_PATHS = NO;
				CLANG_ANALYZER_NONNULL = YES;
				CLANG_ANALYZER_NUMBER_OBJECT_CONVERSION = YES_AGGRESSIVE;
				CLANG_CXX_LANGUAGE_STANDARD = "gnu++20";
				CLANG_ENABLE_MODULES = YES;
				CLANG_ENABLE_OBJC_ARC = YES;
				CLANG_ENABLE_OBJC_WEAK = YES;
				CLANG_WARN_BLOCK_CAPTURE_AUTORELEASING = YES;
				CLANG_WARN_BOOL_CONVERSION = YES;
				CLANG_WARN_COMMA = YES;
				CLANG_WARN_CONSTANT_CONVERSION = YES;
				CLANG_WARN_DEPRECATED_OBJC_IMPLEMENTATIONS = YES;
				CLANG_WARN_DIRECT_OBJC_ISA_USAGE = YES_ERROR;
				CLANG_WARN_DOCUMENTATION_COMMENTS = YES;
				CLANG_WARN_EMPTY_BODY = YES;
				CLANG_WARN_ENUM_CONVERSION = YES;
				CLANG_WARN_INFINITE_RECURSION = YES;
				CLANG_WARN_INT_CONVERSION = YES;
				CLANG_WARN_NON_LITERAL_NULL_CONVERSION = YES;
				CLANG_WARN_OBJC_IMPLICIT_RETAIN_SELF = YES;
				CLANG_WARN_OBJC_LITERAL_CONVERSION = YES;
				CLANG_WARN_OBJC_ROOT_CLASS = YES_ERROR;
				CLANG_WARN_QUOTED_INCLUDE_IN_FRAMEWORK_HEADER = YES;
				CLANG_WARN_RANGE_LOOP_ANALYSIS = YES;
				CLANG_WARN_STRICT_PROTOTYPES = YES;
				CLANG_WARN_SUSPICIOUS_MOVE = YES;
				CLANG_WARN_UNGUARDED_AVAILABILITY = YES_AGGRESSIVE;
				CLANG_WARN_UNREACHABLE_CODE = YES;
				CLANG_WARN__DUPLICATE_METHOD_MATCH = YES;
				COPY_PHASE_STRIP = NO;
				DEBUG_INFORMATION_FORMAT = dwarf;
				ENABLE_STRICT_OBJC_MSGSEND = YES;
				ENABLE_TESTABILITY = YES;
				GCC_C_LANGUAGE_STANDARD = gnu11;
				GCC_DYNAMIC_NO_PIC = NO;
				GCC_NO_COMMON_BLOCKS = YES;
				GCC_OPTIMIZATION_LEVEL = 0;
				GCC_PREPROCESSOR_DEFINITIONS = (
					"DEBUG=1",
					"$(inherited)",
				);
				GCC_WARN_64_TO_32_BIT_CONVERSION = YES;
				GCC_WARN_ABOUT_RETURN_TYPE = YES_ERROR;
				GCC_WARN_UNDECLARED_SELECTOR = YES;
				GCC_WARN_UNINITIALIZED_AUTOS = YES_AGGRESSIVE;
				GCC_WARN_UNUSED_FUNCTION = YES;
				GCC_WARN_UNUSED_VARIABLE = YES;
				IPHONEOS_DEPLOYMENT_TARGET = 16.2;
				MTL_ENABLE_DEBUG_INFO = INCLUDE_SOURCE;
				MTL_FAST_MATH = YES;
				ONLY_ACTIVE_ARCH = YES;
				SDKROOT = iphoneos;
				SWIFT_ACTIVE_COMPILATION_CONDITIONS = DEBUG;
				SWIFT_OPTIMIZATION_LEVEL = "-Onone";
			};
			name = Debug;
		};
		7FB960FA2A90A56F0059E0A8 /* Release */ = {
			isa = XCBuildConfiguration;
			buildSettings = {
				ALWAYS_SEARCH_USER_PATHS = NO;
				CLANG_ANALYZER_NONNULL = YES;
				CLANG_ANALYZER_NUMBER_OBJECT_CONVERSION = YES_AGGRESSIVE;
				CLANG_CXX_LANGUAGE_STANDARD = "gnu++20";
				CLANG_ENABLE_MODULES = YES;
				CLANG_ENABLE_OBJC_ARC = YES;
				CLANG_ENABLE_OBJC_WEAK = YES;
				CLANG_WARN_BLOCK_CAPTURE_AUTORELEASING = YES;
				CLANG_WARN_BOOL_CONVERSION = YES;
				CLANG_WARN_COMMA = YES;
				CLANG_WARN_CONSTANT_CONVERSION = YES;
				CLANG_WARN_DEPRECATED_OBJC_IMPLEMENTATIONS = YES;
				CLANG_WARN_DIRECT_OBJC_ISA_USAGE = YES_ERROR;
				CLANG_WARN_DOCUMENTATION_COMMENTS = YES;
				CLANG_WARN_EMPTY_BODY = YES;
				CLANG_WARN_ENUM_CONVERSION = YES;
				CLANG_WARN_INFINITE_RECURSION = YES;
				CLANG_WARN_INT_CONVERSION = YES;
				CLANG_WARN_NON_LITERAL_NULL_CONVERSION = YES;
				CLANG_WARN_OBJC_IMPLICIT_RETAIN_SELF = YES;
				CLANG_WARN_OBJC_LITERAL_CONVERSION = YES;
				CLANG_WARN_OBJC_ROOT_CLASS = YES_ERROR;
				CLANG_WARN_QUOTED_INCLUDE_IN_FRAMEWORK_HEADER = YES;
				CLANG_WARN_RANGE_LOOP_ANALYSIS = YES;
				CLANG_WARN_STRICT_PROTOTYPES = YES;
				CLANG_WARN_SUSPICIOUS_MOVE = YES;
				CLANG_WARN_UNGUARDED_AVAILABILITY = YES_AGGRESSIVE;
				CLANG_WARN_UNREACHABLE_CODE = YES;
				CLANG_WARN__DUPLICATE_METHOD_MATCH = YES;
				COPY_PHASE_STRIP = NO;
				DEBUG_INFORMATION_FORMAT = "dwarf-with-dsym";
				ENABLE_NS_ASSERTIONS = NO;
				ENABLE_STRICT_OBJC_MSGSEND = YES;
				GCC_C_LANGUAGE_STANDARD = gnu11;
				GCC_NO_COMMON_BLOCKS = YES;
				GCC_WARN_64_TO_32_BIT_CONVERSION = YES;
				GCC_WARN_ABOUT_RETURN_TYPE = YES_ERROR;
				GCC_WARN_UNDECLARED_SELECTOR = YES;
				GCC_WARN_UNINITIALIZED_AUTOS = YES_AGGRESSIVE;
				GCC_WARN_UNUSED_FUNCTION = YES;
				GCC_WARN_UNUSED_VARIABLE = YES;
				IPHONEOS_DEPLOYMENT_TARGET = 16.2;
				MTL_ENABLE_DEBUG_INFO = NO;
				MTL_FAST_MATH = YES;
				SDKROOT = iphoneos;
				SWIFT_COMPILATION_MODE = wholemodule;
				SWIFT_OPTIMIZATION_LEVEL = "-O";
				VALIDATE_PRODUCT = YES;
			};
			name = Release;
		};
		7FB960FC2A90A56F0059E0A8 /* Debug */ = {
			isa = XCBuildConfiguration;
			buildSettings = {
				ASSETCATALOG_COMPILER_APPICON_NAME = AppIcon;
				ASSETCATALOG_COMPILER_GLOBAL_ACCENT_COLOR_NAME = AccentColor;
				CODE_SIGN_STYLE = Automatic;
				CURRENT_PROJECT_VERSION = 1;
				DEVELOPMENT_ASSET_PATHS = "\"Weather App Tut/Preview Content\"";
				DEVELOPMENT_TEAM = JTJDA797DZ;
				ENABLE_PREVIEWS = YES;
				GENERATE_INFOPLIST_FILE = YES;
				INFOPLIST_FILE = "Weather-App-Tut-Info.plist";
				INFOPLIST_KEY_UIApplicationSceneManifest_Generation = YES;
				INFOPLIST_KEY_UIApplicationSupportsIndirectInputEvents = YES;
				INFOPLIST_KEY_UILaunchScreen_Generation = YES;
				INFOPLIST_KEY_UISupportedInterfaceOrientations_iPad = "UIInterfaceOrientationPortrait UIInterfaceOrientationPortraitUpsideDown UIInterfaceOrientationLandscapeLeft UIInterfaceOrientationLandscapeRight";
				INFOPLIST_KEY_UISupportedInterfaceOrientations_iPhone = "UIInterfaceOrientationPortrait UIInterfaceOrientationLandscapeLeft UIInterfaceOrientationLandscapeRight";
				LD_RUNPATH_SEARCH_PATHS = (
					"$(inherited)",
					"@executable_path/Frameworks",
				);
				MARKETING_VERSION = 1.0;
				PRODUCT_BUNDLE_IDENTIFIER = "ecom.swiftofy.me.Weather-App-Tut";
				PRODUCT_NAME = "$(TARGET_NAME)";
				SWIFT_EMIT_LOC_STRINGS = YES;
				SWIFT_VERSION = 5.0;
				TARGETED_DEVICE_FAMILY = "1,2";
			};
			name = Debug;
		};
		7FB960FD2A90A56F0059E0A8 /* Release */ = {
			isa = XCBuildConfiguration;
			buildSettings = {
				ASSETCATALOG_COMPILER_APPICON_NAME = AppIcon;
				ASSETCATALOG_COMPILER_GLOBAL_ACCENT_COLOR_NAME = AccentColor;
				CODE_SIGN_STYLE = Automatic;
				CURRENT_PROJECT_VERSION = 1;
				DEVELOPMENT_ASSET_PATHS = "\"Weather App Tut/Preview Content\"";
				DEVELOPMENT_TEAM = JTJDA797DZ;
				ENABLE_PREVIEWS = YES;
				GENERATE_INFOPLIST_FILE = YES;
				INFOPLIST_FILE = "Weather-App-Tut-Info.plist";
				INFOPLIST_KEY_UIApplicationSceneManifest_Generation = YES;
				INFOPLIST_KEY_UIApplicationSupportsIndirectInputEvents = YES;
				INFOPLIST_KEY_UILaunchScreen_Generation = YES;
				INFOPLIST_KEY_UISupportedInterfaceOrientations_iPad = "UIInterfaceOrientationPortrait UIInterfaceOrientationPortraitUpsideDown UIInterfaceOrientationLandscapeLeft UIInterfaceOrientationLandscapeRight";
				INFOPLIST_KEY_UISupportedInterfaceOrientations_iPhone = "UIInterfaceOrientationPortrait UIInterfaceOrientationLandscapeLeft UIInterfaceOrientationLandscapeRight";
				LD_RUNPATH_SEARCH_PATHS = (
					"$(inherited)",
					"@executable_path/Frameworks",
				);
				MARKETING_VERSION = 1.0;
				PRODUCT_BUNDLE_IDENTIFIER = "ecom.swiftofy.me.Weather-App-Tut";
				PRODUCT_NAME = "$(TARGET_NAME)";
				SWIFT_EMIT_LOC_STRINGS = YES;
				SWIFT_VERSION = 5.0;
				TARGETED_DEVICE_FAMILY = "1,2";
			};
			name = Release;
		};
		7FB960FF2A90A56F0059E0A8 /* Debug */ = {
			isa = XCBuildConfiguration;
			buildSettings = {
				ALWAYS_EMBED_SWIFT_STANDARD_LIBRARIES = YES;
				BUNDLE_LOADER = "$(TEST_HOST)";
				CODE_SIGN_STYLE = Automatic;
				CURRENT_PROJECT_VERSION = 1;
				DEVELOPMENT_TEAM = JTJDA797DZ;
				GENERATE_INFOPLIST_FILE = YES;
				IPHONEOS_DEPLOYMENT_TARGET = 16.2;
				MARKETING_VERSION = 1.0;
				PRODUCT_BUNDLE_IDENTIFIER = "ecom.swiftofy.me.Weather-App-TutTests";
				PRODUCT_NAME = "$(TARGET_NAME)";
				SWIFT_EMIT_LOC_STRINGS = NO;
				SWIFT_VERSION = 5.0;
				TARGETED_DEVICE_FAMILY = "1,2";
				TEST_HOST = "$(BUILT_PRODUCTS_DIR)/Weather App Tut.app/$(BUNDLE_EXECUTABLE_FOLDER_PATH)/Weather App Tut";
			};
			name = Debug;
		};
		7FB961002A90A56F0059E0A8 /* Release */ = {
			isa = XCBuildConfiguration;
			buildSettings = {
				ALWAYS_EMBED_SWIFT_STANDARD_LIBRARIES = YES;
				BUNDLE_LOADER = "$(TEST_HOST)";
				CODE_SIGN_STYLE = Automatic;
				CURRENT_PROJECT_VERSION = 1;
				DEVELOPMENT_TEAM = JTJDA797DZ;
				GENERATE_INFOPLIST_FILE = YES;
				IPHONEOS_DEPLOYMENT_TARGET = 16.2;
				MARKETING_VERSION = 1.0;
				PRODUCT_BUNDLE_IDENTIFIER = "ecom.swiftofy.me.Weather-App-TutTests";
				PRODUCT_NAME = "$(TARGET_NAME)";
				SWIFT_EMIT_LOC_STRINGS = NO;
				SWIFT_VERSION = 5.0;
				TARGETED_DEVICE_FAMILY = "1,2";
				TEST_HOST = "$(BUILT_PRODUCTS_DIR)/Weather App Tut.app/$(BUNDLE_EXECUTABLE_FOLDER_PATH)/Weather App Tut";
			};
			name = Release;
		};
		7FB961022A90A56F0059E0A8 /* Debug */ = {
			isa = XCBuildConfiguration;
			buildSettings = {
				ALWAYS_EMBED_SWIFT_STANDARD_LIBRARIES = YES;
				CODE_SIGN_STYLE = Automatic;
				CURRENT_PROJECT_VERSION = 1;
				DEVELOPMENT_TEAM = JTJDA797DZ;
				GENERATE_INFOPLIST_FILE = YES;
				MARKETING_VERSION = 1.0;
				PRODUCT_BUNDLE_IDENTIFIER = "ecom.swiftofy.me.Weather-App-TutUITests";
				PRODUCT_NAME = "$(TARGET_NAME)";
				SWIFT_EMIT_LOC_STRINGS = NO;
				SWIFT_VERSION = 5.0;
				TARGETED_DEVICE_FAMILY = "1,2";
				TEST_TARGET_NAME = "Weather App Tut";
			};
			name = Debug;
		};
		7FB961032A90A56F0059E0A8 /* Release */ = {
			isa = XCBuildConfiguration;
			buildSettings = {
				ALWAYS_EMBED_SWIFT_STANDARD_LIBRARIES = YES;
				CODE_SIGN_STYLE = Automatic;
				CURRENT_PROJECT_VERSION = 1;
				DEVELOPMENT_TEAM = JTJDA797DZ;
				GENERATE_INFOPLIST_FILE = YES;
				MARKETING_VERSION = 1.0;
				PRODUCT_BUNDLE_IDENTIFIER = "ecom.swiftofy.me.Weather-App-TutUITests";
				PRODUCT_NAME = "$(TARGET_NAME)";
				SWIFT_EMIT_LOC_STRINGS = NO;
				SWIFT_VERSION = 5.0;
				TARGETED_DEVICE_FAMILY = "1,2";
				TEST_TARGET_NAME = "Weather App Tut";
			};
			name = Release;
		};
/* End XCBuildConfiguration section */

/* Begin XCConfigurationList section */
		7FB960D22A90A56D0059E0A8 /* Build configuration list for PBXProject "Weather App Tut" */ = {
			isa = XCConfigurationList;
			buildConfigurations = (
				7FB960F92A90A56F0059E0A8 /* Debug */,
				7FB960FA2A90A56F0059E0A8 /* Release */,
			);
			defaultConfigurationIsVisible = 0;
			defaultConfigurationName = Release;
		};
		7FB960FB2A90A56F0059E0A8 /* Build configuration list for PBXNativeTarget "Weather App Tut" */ = {
			isa = XCConfigurationList;
			buildConfigurations = (
				7FB960FC2A90A56F0059E0A8 /* Debug */,
				7FB960FD2A90A56F0059E0A8 /* Release */,
			);
			defaultConfigurationIsVisible = 0;
			defaultConfigurationName = Release;
		};
		7FB960FE2A90A56F0059E0A8 /* Build configuration list for PBXNativeTarget "Weather App TutTests" */ = {
			isa = XCConfigurationList;
			buildConfigurations = (
				7FB960FF2A90A56F0059E0A8 /* Debug */,
				7FB961002A90A56F0059E0A8 /* Release */,
			);
			defaultConfigurationIsVisible = 0;
			defaultConfigurationName = Release;
		};
		7FB961012A90A56F0059E0A8 /* Build configuration list for PBXNativeTarget "Weather App TutUITests" */ = {
			isa = XCConfigurationList;
			buildConfigurations = (
				7FB961022A90A56F0059E0A8 /* Debug */,
				7FB961032A90A56F0059E0A8 /* Release */,
			);
			defaultConfigurationIsVisible = 0;
			defaultConfigurationName = Release;
		};
/* End XCConfigurationList section */
	};
	rootObject = 7FB960CF2A90A56D0059E0A8 /* Project object */;
}
